
Microsoft Visual Studio Solution File, Format Version 12.00
# Visual Studio 14
VisualStudioVersion = 14.0.25420.1
MinimumVisualStudioVersion = 10.0.40219.1
Project("{FAE04EC0-301F-11D3-BF4B-00C04F79EFBC}") = "Rename_Pro", "Rename_Pro\Rename_Pro.csproj", "{9718E738-A123-4523-B722-B1B9F3A4826F}"
EndProject
Global
	GlobalSection(SolutionConfigurationPlatforms) = preSolution
		Debug|Any CPU = Debug|Any CPU
		Release|Any CPU = Release|Any CPU
	EndGlobalSection
	GlobalSection(ProjectConfigurationPlatforms) = postSolution
		{9718E738-A123-4523-B722-B1B9F3A4826F}.Debug|Any CPU.ActiveCfg = Debug|Any CPU
		{9718E738-A123-4523-B722-B1B9F3A4826F}.Debug|Any CPU.Build.0 = Debug|Any CPU
		{9718E738-A123-4523-B722-B1B9F3A4826F}.Release|Any CPU.ActiveCfg = Release|Any CPU
		{9718E738-A123-4523-B722-B1B9F3A4826F}.Release|Any CPU.Build.0 = Release|Any CPU
	EndGlobalSection
	GlobalSection(SolutionProperties) = preSolution
		HideSolutionNode = FALSE
	EndGlobalSection
EndGlobal
